
Microsoft Visual Studio Solution File, Format Version 12.00
# Visual Studio 15
VisualStudioVersion = 15.0.26124.0
MinimumVisualStudioVersion = 15.0.26124.0
Project("{FAE04EC0-301F-11D3-BF4B-00C04F79EFBC}") = "WeatherApp.Server", "WeatherApp.Server\WeatherApp.Server.csproj", "{ED412567-B185-422B-B261-78C55566D875}"
EndProject
Project("{FAE04EC0-301F-11D3-BF4B-00C04F79EFBC}") = "WeatherApp.Shared", "WeatherApp.Shared\WeatherApp.Shared.csproj", "{BE1A7C3D-EEE6-44AA-8DA8-0B17E9C8A625}"
EndProject
Project("{FAE04EC0-301F-11D3-BF4B-00C04F79EFBC}") = "WeatherApp.Client", "WeatherApp.Client\WeatherApp.Client.csproj", "{FF216FF5-3BD3-440A-A895-40D4B5100EF9}"
EndProject
Global
	GlobalSection(SolutionConfigurationPlatforms) = preSolution
		Debug|Any CPU = Debug|Any CPU
		Debug|x64 = Debug|x64
		Debug|x86 = Debug|x86
		Release|Any CPU = Release|Any CPU
		Release|x64 = Release|x64
		Release|x86 = Release|x86
	EndGlobalSection
	GlobalSection(SolutionProperties) = preSolution
		HideSolutionNode = FALSE
	EndGlobalSection
	GlobalSection(ProjectConfigurationPlatforms) = postSolution
		{ED412567-B185-422B-B261-78C55566D875}.Debug|Any CPU.ActiveCfg = Debug|Any CPU
		{ED412567-B185-422B-B261-78C55566D875}.Debug|Any CPU.Build.0 = Debug|Any CPU
		{ED412567-B185-422B-B261-78C55566D875}.Debug|x64.ActiveCfg = Debug|Any CPU
		{ED412567-B185-422B-B261-78C55566D875}.Debug|x64.Build.0 = Debug|Any CPU
		{ED412567-B185-422B-B261-78C55566D875}.Debug|x86.ActiveCfg = Debug|Any CPU
		{ED412567-B185-422B-B261-78C55566D875}.Debug|x86.Build.0 = Debug|Any CPU
		{ED412567-B185-422B-B261-78C55566D875}.Release|Any CPU.ActiveCfg = Release|Any CPU
		{ED412567-B185-422B-B261-78C55566D875}.Release|Any CPU.Build.0 = Release|Any CPU
		{ED412567-B185-422B-B261-78C55566D875}.Release|x64.ActiveCfg = Release|Any CPU
		{ED412567-B185-422B-B261-78C55566D875}.Release|x64.Build.0 = Release|Any CPU
		{ED412567-B185-422B-B261-78C55566D875}.Release|x86.ActiveCfg = Release|Any CPU
		{ED412567-B185-422B-B261-78C55566D875}.Release|x86.Build.0 = Release|Any CPU
		{BE1A7C3D-EEE6-44AA-8DA8-0B17E9C8A625}.Debug|Any CPU.ActiveCfg = Debug|Any CPU
		{BE1A7C3D-EEE6-44AA-8DA8-0B17E9C8A625}.Debug|Any CPU.Build.0 = Debug|Any CPU
		{BE1A7C3D-EEE6-44AA-8DA8-0B17E9C8A625}.Debug|x64.ActiveCfg = Debug|Any CPU
		{BE1A7C3D-EEE6-44AA-8DA8-0B17E9C8A625}.Debug|x64.Build.0 = Debug|Any CPU
		{BE1A7C3D-EEE6-44AA-8DA8-0B17E9C8A625}.Debug|x86.ActiveCfg = Debug|Any CPU
		{BE1A7C3D-EEE6-44AA-8DA8-0B17E9C8A625}.Debug|x86.Build.0 = Debug|Any CPU
		{BE1A7C3D-EEE6-44AA-8DA8-0B17E9C8A625}.Release|Any CPU.ActiveCfg = Release|Any CPU
		{BE1A7C3D-EEE6-44AA-8DA8-0B17E9C8A625}.Release|Any CPU.Build.0 = Release|Any CPU
		{BE1A7C3D-EEE6-44AA-8DA8-0B17E9C8A625}.Release|x64.ActiveCfg = Release|Any CPU
		{BE1A7C3D-EEE6-44AA-8DA8-0B17E9C8A625}.Release|x64.Build.0 = Release|Any CPU
		{BE1A7C3D-EEE6-44AA-8DA8-0B17E9C8A625}.Release|x86.ActiveCfg = Release|Any CPU
		{BE1A7C3D-EEE6-44AA-8DA8-0B17E9C8A625}.Release|x86.Build.0 = Release|Any CPU
		{FF216FF5-3BD3-440A-A895-40D4B5100EF9}.Debug|Any CPU.ActiveCfg = Debug|Any CPU
		{FF216FF5-3BD3-440A-A895-40D4B5100EF9}.Debug|Any CPU.Build.0 = Debug|Any CPU
		{FF216FF5-3BD3-440A-A895-40D4B5100EF9}.Debug|x64.ActiveCfg = Debug|Any CPU
		{FF216FF5-3BD3-440A-A895-40D4B5100EF9}.Debug|x64.Build.0 = Debug|Any CPU
		{FF216FF5-3BD3-440A-A895-40D4B5100EF9}.Debug|x86.ActiveCfg = Debug|Any CPU
		{FF216FF5-3BD3-440A-A895-40D4B5100EF9}.Debug|x86.Build.0 = Debug|Any CPU
		{FF216FF5-3BD3-440A-A895-40D4B5100EF9}.Release|Any CPU.ActiveCfg = Release|Any CPU
		{FF216FF5-3BD3-440A-A895-40D4B5100EF9}.Release|Any CPU.Build.0 = Release|Any CPU
		{FF216FF5-3BD3-440A-A895-40D4B5100EF9}.Release|x64.ActiveCfg = Release|Any CPU
		{FF216FF5-3BD3-440A-A895-40D4B5100EF9}.Release|x64.Build.0 = Release|Any CPU
		{FF216FF5-3BD3-440A-A895-40D4B5100EF9}.Release|x86.ActiveCfg = Release|Any CPU
		{FF216FF5-3BD3-440A-A895-40D4B5100EF9}.Release|x86.Build.0 = Release|Any CPU
	EndGlobalSection
EndGlobal
